
Microsoft Visual Studio Solution File, Format Version 12.00
# Visual Studio Version 16
VisualStudioVersion = 16.0.30907.101
MinimumVisualStudioVersion = 10.0.40219.1
Project("{FAE04EC0-301F-11D3-BF4B-00C04F79EFBC}") = "WpfApp1", "WpfApp1.csproj", "{8A5CC389-52B8-4C89-9E04-4E1AC5371D47}"
EndProject
Project("{FAE04EC0-301F-11D3-BF4B-00C04F79EFBC}") = "ClassLibrary1", "..\ClassLibrary1\ClassLibrary1.csproj", "{D8AC0628-989D-4EF1-9F6C-320EE48CAF47}"
EndProject
Global
	GlobalSection(SolutionConfigurationPlatforms) = preSolution
		Debug|Any CPU = Debug|Any CPU
		Release|Any CPU = Release|Any CPU
	EndGlobalSection
	GlobalSection(ProjectConfigurationPlatforms) = postSolution
		{8A5CC389-52B8-4C89-9E04-4E1AC5371D47}.Debug|Any CPU.ActiveCfg = Debug|Any CPU
		{8A5CC389-52B8-4C89-9E04-4E1AC5371D47}.Debug|Any CPU.Build.0 = Debug|Any CPU
		{8A5CC389-52B8-4C89-9E04-4E1AC5371D47}.Release|Any CPU.ActiveCfg = Release|Any CPU
		{8A5CC389-52B8-4C89-9E04-4E1AC5371D47}.Release|Any CPU.Build.0 = Release|Any CPU
		{D8AC0628-989D-4EF1-9F6C-320EE48CAF47}.Debug|Any CPU.ActiveCfg = Debug|Any CPU
		{D8AC0628-989D-4EF1-9F6C-320EE48CAF47}.Debug|Any CPU.Build.0 = Debug|Any CPU
		{D8AC0628-989D-4EF1-9F6C-320EE48CAF47}.Release|Any CPU.ActiveCfg = Release|Any CPU
		{D8AC0628-989D-4EF1-9F6C-320EE48CAF47}.Release|Any CPU.Build.0 = Release|Any CPU
	EndGlobalSection
	GlobalSection(SolutionProperties) = preSolution
		HideSolutionNode = FALSE
	EndGlobalSection
	GlobalSection(ExtensibilityGlobals) = postSolution
		SolutionGuid = {E6BA4CB9-50AE-41B2-BCA3-F673C35F1BFF}
	EndGlobalSection
EndGlobal
